
Microsoft Visual Studio Solution File, Format Version 12.00
# Visual Studio Version 17
VisualStudioVersion = 17.1.32421.90
MinimumVisualStudioVersion = 10.0.40219.1
Project("{9A19103F-16F7-4668-BE54-9A1E7A4F7556}") = "Homework2", "Homework2\Homework2.csproj", "{88E7AB01-B9C2-46A6-8AB4-FB5613BDDDE5}"
EndProject
Global
	GlobalSection(SolutionConfigurationPlatforms) = preSolution
		Debug|Any CPU = Debug|Any CPU
		Release|Any CPU = Release|Any CPU
	EndGlobalSection
	GlobalSection(ProjectConfigurationPlatforms) = postSolution
		{88E7AB01-B9C2-46A6-8AB4-FB5613BDDDE5}.Debug|Any CPU.ActiveCfg = Debug|Any CPU
		{88E7AB01-B9C2-46A6-8AB4-FB5613BDDDE5}.Debug|Any CPU.Build.0 = Debug|Any CPU
		{88E7AB01-B9C2-46A6-8AB4-FB5613BDDDE5}.Release|Any CPU.ActiveCfg = Release|Any CPU
		{88E7AB01-B9C2-46A6-8AB4-FB5613BDDDE5}.Release|Any CPU.Build.0 = Release|Any CPU
	EndGlobalSection
	GlobalSection(SolutionProperties) = preSolution
		HideSolutionNode = FALSE
	EndGlobalSection
	GlobalSection(ExtensibilityGlobals) = postSolution
		SolutionGuid = {659518B2-7EE5-449F-98A2-BF36801ADDE9}
	EndGlobalSection
EndGlobal
